# THIS IS AN AUTOGENERATED FILE. DO NOT EDIT THIS FILE DIRECTLY.
# yarn lockfile v1


"@types/body-parser@*", "@types/body-parser@^1.19.0":
  version "1.19.0"
  resolved "https://registry.yarnpkg.com/@types/body-parser/-/body-parser-1.19.0.tgz#0685b3c47eb3006ffed117cdd55164b61f80538f"
  integrity sha512-W98JrE0j2K78swW4ukqMleo8R7h/pFETjM2DQ90MF6XK2i4LO4W3gQ71Lt4w3bfm2EvVSyWHplECvB5sK22yFQ==
  dependencies:
    "@types/connect" "*"
    "@types/node" "*"

"@types/connect@*":
  version "3.4.33"
  resolved "https://registry.yarnpkg.com/@types/connect/-/connect-3.4.33.tgz#31610c901eca573b8713c3330abc6e6b9f588546"
  integrity sha512-2+FrkXY4zllzTNfJth7jOqEHC+enpLeGslEhpnTAkg21GkRrWV4SsAtqchtT4YS9/nODBU2/ZfsBY2X4J/dX7A==
  dependencies:
    "@types/node" "*"

"@types/express-serve-static-core@*":
  version "4.17.9"
  resolved "https://registry.yarnpkg.com/@types/express-serve-static-core/-/express-serve-static-core-4.17.9.tgz#2d7b34dcfd25ec663c25c85d76608f8b249667f1"
  integrity sha512-DG0BYg6yO+ePW+XoDENYz8zhNGC3jDDEpComMYn7WJc4mY1Us8Rw9ax2YhJXxpyk2SF47PQAoQ0YyVT1a0bEkA==
  dependencies:
    "@types/node" "*"
    "@types/qs" "*"
    "@types/range-parser" "*"

"@types/express-serve-static-core@^4.17.18":
  version "4.17.19"
  resolved "https://registry.yarnpkg.com/@types/express-serve-static-core/-/express-serve-static-core-4.17.19.tgz#00acfc1632e729acac4f1530e9e16f6dd1508a1d"
  integrity sha512-DJOSHzX7pCiSElWaGR8kCprwibCB/3yW6vcT8VG3P0SJjnv19gnWG/AZMfM60Xj/YJIp/YCaDHyvzsFVeniARA==
  dependencies:
    "@types/node" "*"
    "@types/qs" "*"
    "@types/range-parser" "*"

"@types/express@^4.17.11":
  version "4.17.11"
  resolved "https://registry.yarnpkg.com/@types/express/-/express-4.17.11.tgz#debe3caa6f8e5fcda96b47bd54e2f40c4ee59545"
  integrity sha512-no+R6rW60JEc59977wIxreQVsIEOAYwgCqldrA/vkpCnbD7MqTefO97lmoBe4WE0F156bC4uLSP1XHDOySnChg==
  dependencies:
    "@types/body-parser" "*"
    "@types/express-serve-static-core" "^4.17.18"
    "@types/qs" "*"
    "@types/serve-static" "*"

"@types/mailparser@^3.0.2":
  version "3.0.2"
  resolved "https://registry.yarnpkg.com/@types/mailparser/-/mailparser-3.0.2.tgz#37d8235685fa3653ff27c46709078196aa6cb1ce"
  integrity sha512-SMmUF6SPLkwBjx7Q4zQzBmAhOYLAUXPAU/QbhHX+k3QQ3vfdaLva5dNkUFT2Weu6kRm+ukX+jAMTI0RnLMi0uw==
  dependencies:
    "@types/node" "*"

"@types/mime@*":
  version "2.0.3"
  resolved "https://registry.yarnpkg.com/@types/mime/-/mime-2.0.3.tgz#c893b73721db73699943bfc3653b1deb7faa4a3a"
  integrity sha512-Jus9s4CDbqwocc5pOAnh8ShfrnMcPHuJYzVcSUU7lrh8Ni5HuIqX3oilL86p3dlTrk0LzHRCgA/GQ7uNCw6l2Q==

"@types/mysql@^2.15.18":
  version "2.15.18"
  resolved "https://registry.yarnpkg.com/@types/mysql/-/mysql-2.15.18.tgz#eea3f2845e619db0073d63d821aa99bf2079c95c"
  integrity sha512-JW74Nh3P/RDAnaP8uXe1qmRpoFBO84SiWvWoSju/F5+2S1kVBi1FbbDoqK/sTZrCCxySaOJnRATvWD+bLcJjAg==
  dependencies:
    "@types/node" "*"

"@types/node@*":
  version "14.0.26"
  resolved "https://registry.yarnpkg.com/@types/node/-/node-14.0.26.tgz#22a3b8a46510da8944b67bfc27df02c34a35331c"
  integrity sha512-W+fpe5s91FBGE0pEa0lnqGLL4USgpLgs4nokw16SrBBco/gQxuua7KnArSEOd5iaMqbbSHV10vUDkJYJJqpXKA==

"@types/nodemailer@*":
  version "6.4.0"
  resolved "https://registry.yarnpkg.com/@types/nodemailer/-/nodemailer-6.4.0.tgz#d8c039be3ed685c4719a026455555be82c124b74"
  integrity sha512-KY7bFWB0MahRZvVW4CuW83qcCDny59pJJ0MQ5ifvfcjNwPlIT0vW4uARO4u1gtkYnWdhSvURegecY/tzcukJcA==
  dependencies:
    "@types/node" "*"

"@types/qs@*":
  version "6.9.4"
  resolved "https://registry.yarnpkg.com/@types/qs/-/qs-6.9.4.tgz#a59e851c1ba16c0513ea123830dd639a0a15cb6a"
  integrity sha512-+wYo+L6ZF6BMoEjtf8zB2esQsqdV6WsjRK/GP9WOgLPrq87PbNWgIxS76dS5uvl/QXtHGakZmwTznIfcPXcKlQ==

"@types/range-parser@*":
  version "1.2.3"
  resolved "https://registry.yarnpkg.com/@types/range-parser/-/range-parser-1.2.3.tgz#7ee330ba7caafb98090bece86a5ee44115904c2c"
  integrity sha512-ewFXqrQHlFsgc09MK5jP5iR7vumV/BYayNC6PgJO2LPe8vrnNFyjQjSppfEngITi0qvfKtzFvgKymGheFM9UOA==

"@types/serve-static@*":
  version "1.13.4"
  resolved "https://registry.yarnpkg.com/@types/serve-static/-/serve-static-1.13.4.tgz#6662a93583e5a6cabca1b23592eb91e12fa80e7c"
  integrity sha512-jTDt0o/YbpNwZbQmE/+2e+lfjJEJJR0I3OFaKQKPWkASkCoW3i6fsUnqudSMcNAfbtmADGu8f4MV4q+GqULmug==
  dependencies:
    "@types/express-serve-static-core" "*"
    "@types/mime" "*"

"@types/smtp-server@^3.5.6":
  version "3.5.6"
  resolved "https://registry.yarnpkg.com/@types/smtp-server/-/smtp-server-3.5.6.tgz#6081d0fb4a139f1db04c8732e201df2469a3afdb"
  integrity sha512-yV5tbt5SSyFQQmbz7TRycigoDlB4q1tnA1epgrY8PDLp1GpgYjt7wnTkT9lxVhNxWl2HQkA+2MlJnLfJICe59Q==
  dependencies:
    "@types/node" "*"
    "@types/nodemailer" "*"
