# THIS IS AN AUTOGENERATED FILE. DO NOT EDIT THIS FILE DIRECTLY.
# yarn lockfile v1


"@types/body-parser@*", "@types/body-parser@^1.19.0":
  version "1.19.0"
  resolved "https://registry.yarnpkg.com/@types/body-parser/-/body-parser-1.19.0.tgz#0685b3c47eb3006ffed117cdd55164b61f80538f"
  integrity sha512-W98JrE0j2K78swW4ukqMleo8R7h/pFETjM2DQ90MF6XK2i4LO4W3gQ71Lt4w3bfm2EvVSyWHplECvB5sK22yFQ==
  dependencies:
    "@types/connect" "*"
    "@types/node" "*"

"@types/connect@*":
  version "3.4.33"
  resolved "https://registry.yarnpkg.com/@types/connect/-/connect-3.4.33.tgz#31610c901eca573b8713c3330abc6e6b9f588546"
  integrity sha512-2+FrkXY4zllzTNfJth7jOqEHC+enpLeGslEhpnTAkg21GkRrWV4SsAtqchtT4YS9/nODBU2/ZfsBY2X4J/dX7A==
  dependencies:
    "@types/node" "*"

"@types/express-serve-static-core@*":
  version "4.17.9"
  resolved "https://registry.yarnpkg.com/@types/express-serve-static-core/-/express-serve-static-core-4.17.9.tgz#2d7b34dcfd25ec663c25c85d76608f8b249667f1"
  integrity sha512-DG0BYg6yO+ePW+XoDENYz8zhNGC3jDDEpComMYn7WJc4mY1Us8Rw9ax2YhJXxpyk2SF47PQAoQ0YyVT1a0bEkA==
  dependencies:
    "@types/node" "*"
    "@types/qs" "*"
    "@types/range-parser" "*"

"@types/express@^4.17.7":
  version "4.17.9"
  resolved "https://registry.yarnpkg.com/@types/express/-/express-4.17.9.tgz#f5f2df6add703ff28428add52bdec8a1091b0a78"
  integrity sha512-SDzEIZInC4sivGIFY4Sz1GG6J9UObPwCInYJjko2jzOf/Imx/dlpume6Xxwj1ORL82tBbmN4cPDIDkLbWHk9hw==
  dependencies:
    "@types/body-parser" "*"
    "@types/express-serve-static-core" "*"
    "@types/qs" "*"
    "@types/serve-static" "*"

"@types/mailparser@^2.7.3":
  version "2.7.4"
  resolved "https://registry.yarnpkg.com/@types/mailparser/-/mailparser-2.7.4.tgz#7faae72f874077fbb89c075ad898e6fd8a41119e"
  integrity sha512-JGIV4RtcjBO1jsD0RTDoXOmm1zzHr07rWPmNREBBM1oAjjfy99Ne4Y7s/akVSZoksm/JWQMcFQ42LbsufHRVfg==
  dependencies:
    "@types/node" "*"

"@types/mime@*":
  version "2.0.3"
  resolved "https://registry.yarnpkg.com/@types/mime/-/mime-2.0.3.tgz#c893b73721db73699943bfc3653b1deb7faa4a3a"
  integrity sha512-Jus9s4CDbqwocc5pOAnh8ShfrnMcPHuJYzVcSUU7lrh8Ni5HuIqX3oilL86p3dlTrk0LzHRCgA/GQ7uNCw6l2Q==

"@types/mysql@^2.15.15":
  version "2.15.15"
  resolved "https://registry.yarnpkg.com/@types/mysql/-/mysql-2.15.15.tgz#af2223d2841091a5a819eabee6dff19567f1cf1f"
  integrity sha512-1GJnq7RwuFPRicMHdT53vza5v39nep9OKIbozxNUpFXP04CydcdWrqpZQ+MlVdlLFCisWnnt09xughajjWpFsw==
  dependencies:
    "@types/node" "*"

"@types/node@*":
  version "14.0.26"
  resolved "https://registry.yarnpkg.com/@types/node/-/node-14.0.26.tgz#22a3b8a46510da8944b67bfc27df02c34a35331c"
  integrity sha512-W+fpe5s91FBGE0pEa0lnqGLL4USgpLgs4nokw16SrBBco/gQxuua7KnArSEOd5iaMqbbSHV10vUDkJYJJqpXKA==

"@types/nodemailer@*":
  version "6.4.0"
  resolved "https://registry.yarnpkg.com/@types/nodemailer/-/nodemailer-6.4.0.tgz#d8c039be3ed685c4719a026455555be82c124b74"
  integrity sha512-KY7bFWB0MahRZvVW4CuW83qcCDny59pJJ0MQ5ifvfcjNwPlIT0vW4uARO4u1gtkYnWdhSvURegecY/tzcukJcA==
  dependencies:
    "@types/node" "*"

"@types/qs@*":
  version "6.9.4"
  resolved "https://registry.yarnpkg.com/@types/qs/-/qs-6.9.4.tgz#a59e851c1ba16c0513ea123830dd639a0a15cb6a"
  integrity sha512-+wYo+L6ZF6BMoEjtf8zB2esQsqdV6WsjRK/GP9WOgLPrq87PbNWgIxS76dS5uvl/QXtHGakZmwTznIfcPXcKlQ==

"@types/range-parser@*":
  version "1.2.3"
  resolved "https://registry.yarnpkg.com/@types/range-parser/-/range-parser-1.2.3.tgz#7ee330ba7caafb98090bece86a5ee44115904c2c"
  integrity sha512-ewFXqrQHlFsgc09MK5jP5iR7vumV/BYayNC6PgJO2LPe8vrnNFyjQjSppfEngITi0qvfKtzFvgKymGheFM9UOA==

"@types/serve-static@*":
  version "1.13.4"
  resolved "https://registry.yarnpkg.com/@types/serve-static/-/serve-static-1.13.4.tgz#6662a93583e5a6cabca1b23592eb91e12fa80e7c"
  integrity sha512-jTDt0o/YbpNwZbQmE/+2e+lfjJEJJR0I3OFaKQKPWkASkCoW3i6fsUnqudSMcNAfbtmADGu8f4MV4q+GqULmug==
  dependencies:
    "@types/express-serve-static-core" "*"
    "@types/mime" "*"

"@types/smtp-server@^3.5.4":
  version "3.5.4"
  resolved "https://registry.yarnpkg.com/@types/smtp-server/-/smtp-server-3.5.4.tgz#28ede421381c367d328dde496095d1ec4f17451a"
  integrity sha512-HxPQdRNTTUZzTcwE5LwWL233eHFIfM9rS5TPufuBwQ2a6FdufUvnkBfb08VpMaodlFbls1o7s5VZG7ghxJKz3Q==
  dependencies:
    "@types/node" "*"
    "@types/nodemailer" "*"
