# THIS IS AN AUTOGENERATED FILE. DO NOT EDIT THIS FILE DIRECTLY.
# yarn lockfile v1


"@types/body-parser@*", "@types/body-parser@^1.19.0":
  version "1.19.0"
  resolved "https://registry.yarnpkg.com/@types/body-parser/-/body-parser-1.19.0.tgz#0685b3c47eb3006ffed117cdd55164b61f80538f"
  integrity sha512-W98JrE0j2K78swW4ukqMleo8R7h/pFETjM2DQ90MF6XK2i4LO4W3gQ71Lt4w3bfm2EvVSyWHplECvB5sK22yFQ==
  dependencies:
    "@types/connect" "*"
    "@types/node" "*"

"@types/connect@*":
  version "3.4.33"
  resolved "https://registry.yarnpkg.com/@types/connect/-/connect-3.4.33.tgz#31610c901eca573b8713c3330abc6e6b9f588546"
  integrity sha512-2+FrkXY4zllzTNfJth7jOqEHC+enpLeGslEhpnTAkg21GkRrWV4SsAtqchtT4YS9/nODBU2/ZfsBY2X4J/dX7A==
  dependencies:
    "@types/node" "*"

"@types/express-serve-static-core@*":
  version "4.17.4"
  resolved "https://registry.yarnpkg.com/@types/express-serve-static-core/-/express-serve-static-core-4.17.4.tgz#157c79c2d28b632d6418497c57c93185e392e444"
  integrity sha512-dPs6CaRWxsfHbYDVU51VjEJaUJEcli4UI0fFMT4oWmgCvHj+j7oIxz5MLHVL0Rv++N004c21ylJNdWQvPkkb5w==
  dependencies:
    "@types/node" "*"
    "@types/range-parser" "*"

"@types/express@^4.17.6":
  version "4.17.6"
  resolved "https://registry.yarnpkg.com/@types/express/-/express-4.17.6.tgz#6bce49e49570507b86ea1b07b806f04697fac45e"
  integrity sha512-n/mr9tZI83kd4azlPG5y997C/M4DNABK9yErhFM6hKdym4kkmd9j0vtsJyjFIwfRBxtrxZtAfGZCNRIBMFLK5w==
  dependencies:
    "@types/body-parser" "*"
    "@types/express-serve-static-core" "*"
    "@types/qs" "*"
    "@types/serve-static" "*"

"@types/mailparser@^2.7.2":
  version "2.7.2"
  resolved "https://registry.yarnpkg.com/@types/mailparser/-/mailparser-2.7.2.tgz#4c319f8f8ad770d055850d8f7d32d311d893dfa9"
  integrity sha512-hGXNTyqKy5o6pLxeXKKNPVxDyML0kJcHgjVg/6STrtmVUwKXDYGT40HR/eGhXXZpiPAg9/8pVPCo9c5+IJ8s+A==
  dependencies:
    "@types/node" "*"

"@types/mime@*":
  version "2.0.1"
  resolved "https://registry.yarnpkg.com/@types/mime/-/mime-2.0.1.tgz#dc488842312a7f075149312905b5e3c0b054c79d"
  integrity sha512-FwI9gX75FgVBJ7ywgnq/P7tw+/o1GUbtP0KzbtusLigAOgIgNISRK0ZPl4qertvXSIE8YbsVJueQ90cDt9YYyw==

"@types/mysql@^2.15.9":
  version "2.15.9"
  resolved "https://registry.yarnpkg.com/@types/mysql/-/mysql-2.15.9.tgz#2fd4aaa5db9bada88c9d36caab22008214b84653"
  integrity sha512-rB3w3/YEV11oIoL56iP4OPt6uLkcuu6oIqbUy8T2bSm/ZUYN0fvyyzzrZBDNYL//zRStdmSsUPZDtHXjdR1hTA==
  dependencies:
    "@types/node" "*"

"@types/node@*":
  version "13.11.1"
  resolved "https://registry.yarnpkg.com/@types/node/-/node-13.11.1.tgz#49a2a83df9d26daacead30d0ccc8762b128d53c7"
  integrity sha512-eWQGP3qtxwL8FGneRrC5DwrJLGN4/dH1clNTuLfN81HCrxVtxRjygDTUoZJ5ASlDEeo0ppYFQjQIlXhtXpOn6g==

"@types/nodemailer@*":
  version "6.4.0"
  resolved "https://registry.yarnpkg.com/@types/nodemailer/-/nodemailer-6.4.0.tgz#d8c039be3ed685c4719a026455555be82c124b74"
  integrity sha512-KY7bFWB0MahRZvVW4CuW83qcCDny59pJJ0MQ5ifvfcjNwPlIT0vW4uARO4u1gtkYnWdhSvURegecY/tzcukJcA==
  dependencies:
    "@types/node" "*"

"@types/qs@*":
  version "6.9.1"
  resolved "https://registry.yarnpkg.com/@types/qs/-/qs-6.9.1.tgz#937fab3194766256ee09fcd40b781740758617e7"
  integrity sha512-lhbQXx9HKZAPgBkISrBcmAcMpZsmpe/Cd/hY7LGZS5OfkySUBItnPZHgQPssWYUET8elF+yCFBbP1Q0RZPTdaw==

"@types/range-parser@*":
  version "1.2.3"
  resolved "https://registry.yarnpkg.com/@types/range-parser/-/range-parser-1.2.3.tgz#7ee330ba7caafb98090bece86a5ee44115904c2c"
  integrity sha512-ewFXqrQHlFsgc09MK5jP5iR7vumV/BYayNC6PgJO2LPe8vrnNFyjQjSppfEngITi0qvfKtzFvgKymGheFM9UOA==

"@types/serve-static@*":
  version "1.13.3"
  resolved "https://registry.yarnpkg.com/@types/serve-static/-/serve-static-1.13.3.tgz#eb7e1c41c4468272557e897e9171ded5e2ded9d1"
  integrity sha512-oprSwp094zOglVrXdlo/4bAHtKTAxX6VT8FOZlBKrmyLbNvE1zxZyJ6yikMVtHIvwP45+ZQGJn+FdXGKTozq0g==
  dependencies:
    "@types/express-serve-static-core" "*"
    "@types/mime" "*"

"@types/smtp-server@^3.5.4":
  version "3.5.4"
  resolved "https://registry.yarnpkg.com/@types/smtp-server/-/smtp-server-3.5.4.tgz#28ede421381c367d328dde496095d1ec4f17451a"
  integrity sha512-HxPQdRNTTUZzTcwE5LwWL233eHFIfM9rS5TPufuBwQ2a6FdufUvnkBfb08VpMaodlFbls1o7s5VZG7ghxJKz3Q==
  dependencies:
    "@types/node" "*"
    "@types/nodemailer" "*"
